version = 1
requires-python = ">=3.8"
resolution-markers = [
    "python_full_version < '3.10'",
    "python_full_version == '3.10.*'",
    "python_full_version >= '3.11'",
]

[[package]]
name = "biopython"
version = "1.83"
source = { registry = "https://pypi.org/simple" }
dependencies = [
    { name = "numpy" },
]
sdist = { url = "https://files.pythonhosted.org/packages/cc/d4/3d8848191a7a37187704c382e6dfda4d6a47d05a14cd64f004c55a3cd5a1/biopython-1.83.tar.gz", hash = "sha256:78e6bfb78de63034037afd35fe77cb6e0a9e5b62706becf78a7d922b16ed83f7", size = 19431530 }
wheels = [
    { url = "https://files.pythonhosted.org/packages/f3/72/121580953f63a20870d7e6ce1bd0bb86fb916b034870189b61cbc8f6e096/biopython-1.83-cp310-cp310-macosx_10_9_x86_64.whl", hash = "sha256:e2cc737906d8de47eedbc4476f711b960c16a65daa8cdd021875398c81999a09", size = 2689906 },
    { url = "https://files.pythonhosted.org/packages/9a/ea/45c6239aa17ce0994ee5deb6d847e22c9f75723612c67a258957e63e0a5b/biopython-1.83-cp310-cp310-macosx_11_0_arm64.whl", hash = "sha256:741abad84165e4caf0c80e485054135f51c21177e50ac6fcc502a45a6e8f7311", size = 2676869 },
    { url = "https://files.pythonhosted.org/packages/1f/24/54402fd6343a688a59f83aab37234ae2716dc7ed0ed8c33cef02727acfc3/biopython-1.83-cp310-cp310-manylinux_2_17_x86_64.manylinux2014_x86_64.whl", hash = "sha256:2df408be9816dd98c28fe181ea93fb6e0d375bf1763ad9ed503ac30bb2df5b1a", size = 3101912 },
    { url = "https://files.pythonhosted.org/packages/8c/6a/f38bc09251404d546cc7011ef27353531ceba5f29f25be35e66706e24a13/biopython-1.83-cp310-cp310-win32.whl", hash = "sha256:a0c1c70789c7e2a26563db5ba533fb9fea0cc1f2c7bc7ad240146cb223ba44a3", size = 2689413 },
    { url = "https://files.pythonhosted.org/packages/0c/09/4b5ad1d3f08c040ad4809e937d4d469eebb05f93a4fb7a85a9e7e40ccde8/biopython-1.83-cp310-cp310-win_amd64.whl", hash = "sha256:56f03f43c183acb88c082bc31e5f047fcc6d0aceb5270fbd29c31ab769795b86", size = 2725216 },
    { url = "https://files.pythonhosted.org/packages/44/a1/53fdaf58f677a54dca2cf23d4a6dafc3c55478416f602738308fda2a107f/biopython-1.83-cp311-cp311-macosx_10_9_x86_64.whl", hash = "sha256:a01dfdad7210f2fd5c4f36606278f91dbfdda6dac02347206d13cc618e79fe32", size = 2690083 },
    { url = "https://files.pythonhosted.org/packages/7e/40/0543d137e4a45b0e5d3a7c5ce9b607e687d9e5b715eadfdae34de8d6906a/biopython-1.83-cp311-cp311-macosx_11_0_arm64.whl", hash = "sha256:3686ff61df3f24ecf6f23826e4fe5172c5e5f745099bc8fbb176f5304582f88f", size = 2676975 },
    { url = "https://files.pythonhosted.org/packages/2a/38/3b971995c8bb2fad0b9809a61c8099fb1b2e579236e4c94fb0797825e171/biopython-1.83-cp311-cp311-manylinux_2_17_x86_64.manylinux2014_x86_64.whl", hash = "sha256:c756c0b81702c705141c87c2805203df01c6d4cf290e8cefd48cbc61a3c85b82", size = 3113769 },
    { url = "https://files.pythonhosted.org/packages/f1/91/0759c7476a157887d68a1b286de4f1a7ec387cabdbf022e78d6c9a1010a9/biopython-1.83-cp311-cp311-win32.whl", hash = "sha256:0496f2a6e6e060d8ff0f34784ad15ed342b10cfe282020efe168286f0c14c479", size = 2689340 },
    { url = "https://files.pythonhosted.org/packages/b8/c8/18570a63e8b6fe99a856698d500fb326f0ce247d2b70d8d631d4abcb5c9c/biopython-1.83-cp311-cp311-win_amd64.whl", hash = "sha256:8552cc467429b555c604b84fc174c33923bf7e4c735774eda505f1d5a9c2feab", size = 2725183 },
    { url = "https://files.pythonhosted.org/packages/82/fd/176b5198f3d31d089c66a2ae6236b4f9ba311e251a3cc6df9708fc31f4ad/biopython-1.83-cp312-cp312-macosx_10_9_x86_64.whl", hash = "sha256:0d5ce14755a6b49dea4743cf6929570afe5becb66ad222194984c7bf04218f86", size = 2690888 },
    { url = "https://files.pythonhosted.org/packages/29/86/cc72bc4aef2607e28520793dbb3878191428605900247d23c3e68102803a/biopython-1.83-cp312-cp312-macosx_11_0_arm64.whl", hash = "sha256:29708772651d930e808cd24c519fd4f39b2e719668944c0aa1eaf0b1deef9f48", size = 2677167 },
    { url = "https://files.pythonhosted.org/packages/13/82/f279caa7647d4afde960ae466cab1f44257d39ca26ecf4deecd086f23290/biopython-1.83-cp312-cp312-manylinux_2_17_x86_64.manylinux2014_x86_64.whl", hash = "sha256:0b35aa095de0fa8339b70664797d0e83322a1a9d512e2fd52d4e872df5189f56", size = 3127122 },
    { url = "https://files.pythonhosted.org/packages/53/18/ece4454497a2e14042deba6ec4ad4e0328d01035527a752c6db5e2244dd2/biopython-1.83-cp312-cp312-win32.whl", hash = "sha256:118425a210cb3d184c7a78154c5646089366faf124cd46c6056ca7f9302b94ad", size = 2690448 },
    { url = "https://files.pythonhosted.org/packages/8a/32/ad3f07c3dfc20a8f168f897b6d2312647ee3e598e0cd1270304897049126/biopython-1.83-cp312-cp312-win_amd64.whl", hash = "sha256:ca94e8ea8907de841a515af55acb1922a9de99b3144c738a193f2a75e4726078", size = 2725541 },
    { url = "https://files.pythonhosted.org/packages/43/e5/30dc0f967b2792bedff350d4a87e30c3cbbe0e4cb2608b7e6241056d6db9/biopython-1.83-cp38-cp38-macosx_10_9_x86_64.whl", hash = "sha256:e37884fe39e4560bf5934a4ec4ba7f7fe0e7c091053d03d05b20a70557167717", size = 2689881 },
    { url = "https://files.pythonhosted.org/packages/bd/5f/7494b759be0478cb2779a5e26db0ff6356eeab051ced65496ff7af16137c/biopython-1.83-cp38-cp38-macosx_11_0_arm64.whl", hash = "sha256:4cc011346bc8af264e3d3ea98c665b6ebe20e503f1dd50ee7e0bc913941b4c6e", size = 2676864 },
    { url = "https://files.pythonhosted.org/packages/05/2f/4ad16933096030e76046659f40b381869e46c4a26f4735969240d2c0adee/biopython-1.83-cp38-cp38-manylinux_2_17_x86_64.manylinux2014_x86_64.whl", hash = "sha256:fd9bc6fef3f6a10043635a75e1a77c9dce877375140e81059c67c73d4ce65c4c", size = 3111259 },
    { url = "https://files.pythonhosted.org/packages/70/4a/6f9653c962ed59c3b166ffcd12336f4c6188b080d21a1aacc959efc3b151/biopython-1.83-cp38-cp38-manylinux_2_5_i686.manylinux1_i686.manylinux_2_17_i686.manylinux2014_i686.whl", hash = "sha256:2c3584122a5daca25b3914a32c52785b051c11518cd5e111e9e89ee04a6234fe", size = 3073513 },
    { url = "https://files.pythonhosted.org/packages/13/2f/e344b9d250a9f6f7d9b07e543ee05bc0d4e53c5fab140a9a1b7d4225389f/biopython-1.83-cp38-cp38-win32.whl", hash = "sha256:641c1a860705d6740eb16c6147b2b730b05a8f5974db804c14d5faa8a1446085", size = 2689412 },
    { url = "https://files.pythonhosted.org/packages/2a/3c/10f22f3599acdf12b2a7a687589e3722b521147fe0e7846bd11f294eaf90/biopython-1.83-cp38-cp38-win_amd64.whl", hash = "sha256:94b68e550619e1b6e3784ed8cecb62f201d70d8b87d3a90365291f065ab42bd9", size = 2725178 },
    { url = "https://files.pythonhosted.org/packages/a7/a9/1b1eb46b43541c7d5fd627022915ff80a5d3ba860fdf206a665b3d3d9077/biopython-1.83-cp39-cp39-macosx_10_9_x86_64.whl", hash = "sha256:81d1e2515b380e1876720ba79dbf50f8ef3a38cc38ba5953ef61ec20d0934ee2", size = 2689915 },
    { url = "https://files.pythonhosted.org/packages/61/55/4e60b4b75520761ce78fe685a0a4fd18488e8fdaf5230328339176ac98ed/biopython-1.83-cp39-cp39-macosx_11_0_arm64.whl", hash = "sha256:30fa323694ee640978888d0c8c4f61f951d119ccec52b1dd5fe0668cfffb6648", size = 2676879 },
    { url = "https://files.pythonhosted.org/packages/30/b0/73fc250af13256c1c1db1edd17f2786fb02dda4c141d809b0d4159c6bbf1/biopython-1.83-cp39-cp39-manylinux_2_17_x86_64.manylinux2014_x86_64.whl", hash = "sha256:ec82350c24cdcf34a8d4a5f189d0ff7dc025658098a60e6f0e681d24b6a1414e", size = 3100642 },
    { url = "https://files.pythonhosted.org/packages/98/ed/5a342a9a3fe84a2b7699881331bb6e7296fb6332ec4c0a705ff82c9b8dde/biopython-1.83-cp39-cp39-win32.whl", hash = "sha256:e914f7161b3831d7c58db33cc5c7ca64b42c9877c5a776a8313e7a5fd494f8de", size = 2689415 },
    { url = "https://files.pythonhosted.org/packages/f1/27/be0ea2b3b5a03976e122376954c3b0f761a5ba55f107ee3b050725bf1c1e/biopython-1.83-cp39-cp39-win_amd64.whl", hash = "sha256:aae1b156a76907c2abfe9d141776b0aead65695ea914eaecdf12bd1e8991f869", size = 2725199 },
]

[[package]]
name = "click"
version = "8.1.7"
source = { registry = "https://pypi.org/simple" }
dependencies = [
    { name = "colorama", marker = "platform_system == 'Windows'" },
]
sdist = { url = "https://files.pythonhosted.org/packages/96/d3/f04c7bfcf5c1862a2a5b845c6b2b360488cf47af55dfa79c98f6a6bf98b5/click-8.1.7.tar.gz", hash = "sha256:ca9853ad459e787e2192211578cc907e7594e294c7ccc834310722b41b9ca6de", size = 336121 }
wheels = [
    { url = "https://files.pythonhosted.org/packages/00/2e/d53fa4befbf2cfa713304affc7ca780ce4fc1fd8710527771b58311a3229/click-8.1.7-py3-none-any.whl", hash = "sha256:ae74fb96c20a0277a1d615f1e4d73c8414f5a98db8b799a7931d1582f3390c28", size = 97941 },
]

[[package]]
name = "colorama"
version = "0.4.6"
source = { registry = "https://pypi.org/simple" }
sdist = { url = "https://files.pythonhosted.org/packages/d8/53/6f443c9a4a8358a93a6792e2acffb9d9d5cb0a5cfd8802644b7b1c9a02e4/colorama-0.4.6.tar.gz", hash = "sha256:08695f5cb7ed6e0531a20572697297273c47b8cae5a63ffc6d6ed5c201be6e44", size = 27697 }
wheels = [
    { url = "https://files.pythonhosted.org/packages/d1/d6/3965ed04c63042e047cb6a3e6ed1a63a35087b6a609aa3a15ed8ac56c221/colorama-0.4.6-py2.py3-none-any.whl", hash = "sha256:4f1d9991f5acc0ca119f9d443620b77f9d6b33703e51011c16baf57afb285fc6", size = 25335 },
]

[[package]]
name = "metabolishmm2"
version = "0.1.0"
source = { editable = "." }
dependencies = [
    { name = "biopython" },
    { name = "click" },
    { name = "ruff" },
]

[package.metadata]
requires-dist = [
    { name = "biopython" },
    { name = "click" },
    { name = "ruff", specifier = ">=0.6.2" },
]

[[package]]
name = "numpy"
version = "1.24.4"
source = { registry = "https://pypi.org/simple" }
sdist = { url = "https://files.pythonhosted.org/packages/a4/9b/027bec52c633f6556dba6b722d9a0befb40498b9ceddd29cbe67a45a127c/numpy-1.24.4.tar.gz", hash = "sha256:80f5e3a4e498641401868df4208b74581206afbee7cf7b8329daae82676d9463", size = 10911229 }
wheels = [
    { url = "https://files.pythonhosted.org/packages/6b/80/6cdfb3e275d95155a34659163b83c09e3a3ff9f1456880bec6cc63d71083/numpy-1.24.4-cp310-cp310-macosx_10_9_x86_64.whl", hash = "sha256:c0bfb52d2169d58c1cdb8cc1f16989101639b34c7d3ce60ed70b19c63eba0b64", size = 19789140 },
    { url = "https://files.pythonhosted.org/packages/64/5f/3f01d753e2175cfade1013eea08db99ba1ee4bdb147ebcf3623b75d12aa7/numpy-1.24.4-cp310-cp310-macosx_11_0_arm64.whl", hash = "sha256:ed094d4f0c177b1b8e7aa9cba7d6ceed51c0e569a5318ac0ca9a090680a6a1b1", size = 13854297 },
    { url = "https://files.pythonhosted.org/packages/5a/b3/2f9c21d799fa07053ffa151faccdceeb69beec5a010576b8991f614021f7/numpy-1.24.4-cp310-cp310-manylinux_2_17_aarch64.manylinux2014_aarch64.whl", hash = "sha256:79fc682a374c4a8ed08b331bef9c5f582585d1048fa6d80bc6c35bc384eee9b4", size = 13995611 },
    { url = "https://files.pythonhosted.org/packages/10/be/ae5bf4737cb79ba437879915791f6f26d92583c738d7d960ad94e5c36adf/numpy-1.24.4-cp310-cp310-manylinux_2_17_x86_64.manylinux2014_x86_64.whl", hash = "sha256:7ffe43c74893dbf38c2b0a1f5428760a1a9c98285553c89e12d70a96a7f3a4d6", size = 17282357 },
    { url = "https://files.pythonhosted.org/packages/c0/64/908c1087be6285f40e4b3e79454552a701664a079321cff519d8c7051d06/numpy-1.24.4-cp310-cp310-win32.whl", hash = "sha256:4c21decb6ea94057331e111a5bed9a79d335658c27ce2adb580fb4d54f2ad9bc", size = 12429222 },
    { url = "https://files.pythonhosted.org/packages/22/55/3d5a7c1142e0d9329ad27cece17933b0e2ab4e54ddc5c1861fbfeb3f7693/numpy-1.24.4-cp310-cp310-win_amd64.whl", hash = "sha256:b4bea75e47d9586d31e892a7401f76e909712a0fd510f58f5337bea9572c571e", size = 14841514 },
    { url = "https://files.pythonhosted.org/packages/a9/cc/5ed2280a27e5dab12994c884f1f4d8c3bd4d885d02ae9e52a9d213a6a5e2/numpy-1.24.4-cp311-cp311-macosx_10_9_x86_64.whl", hash = "sha256:f136bab9c2cfd8da131132c2cf6cc27331dd6fae65f95f69dcd4ae3c3639c810", size = 19775508 },
    { url = "https://files.pythonhosted.org/packages/c0/bc/77635c657a3668cf652806210b8662e1aff84b818a55ba88257abf6637a8/numpy-1.24.4-cp311-cp311-macosx_11_0_arm64.whl", hash = "sha256:e2926dac25b313635e4d6cf4dc4e51c8c0ebfed60b801c799ffc4c32bf3d1254", size = 13840033 },
    { url = "https://files.pythonhosted.org/packages/a7/4c/96cdaa34f54c05e97c1c50f39f98d608f96f0677a6589e64e53104e22904/numpy-1.24.4-cp311-cp311-manylinux_2_17_aarch64.manylinux2014_aarch64.whl", hash = "sha256:222e40d0e2548690405b0b3c7b21d1169117391c2e82c378467ef9ab4c8f0da7", size = 13991951 },
    { url = "https://files.pythonhosted.org/packages/22/97/dfb1a31bb46686f09e68ea6ac5c63fdee0d22d7b23b8f3f7ea07712869ef/numpy-1.24.4-cp311-cp311-manylinux_2_17_x86_64.manylinux2014_x86_64.whl", hash = "sha256:7215847ce88a85ce39baf9e89070cb860c98fdddacbaa6c0da3ffb31b3350bd5", size = 17278923 },
    { url = "https://files.pythonhosted.org/packages/35/e2/76a11e54139654a324d107da1d98f99e7aa2a7ef97cfd7c631fba7dbde71/numpy-1.24.4-cp311-cp311-win32.whl", hash = "sha256:4979217d7de511a8d57f4b4b5b2b965f707768440c17cb70fbf254c4b225238d", size = 12422446 },
    { url = "https://files.pythonhosted.org/packages/d8/ec/ebef2f7d7c28503f958f0f8b992e7ce606fb74f9e891199329d5f5f87404/numpy-1.24.4-cp311-cp311-win_amd64.whl", hash = "sha256:b7b1fc9864d7d39e28f41d089bfd6353cb5f27ecd9905348c24187a768c79694", size = 14834466 },
    { url = "https://files.pythonhosted.org/packages/11/10/943cfb579f1a02909ff96464c69893b1d25be3731b5d3652c2e0cf1281ea/numpy-1.24.4-cp38-cp38-macosx_10_9_x86_64.whl", hash = "sha256:1452241c290f3e2a312c137a9999cdbf63f78864d63c79039bda65ee86943f61", size = 19780722 },
    { url = "https://files.pythonhosted.org/packages/a7/ae/f53b7b265fdc701e663fbb322a8e9d4b14d9cb7b2385f45ddfabfc4327e4/numpy-1.24.4-cp38-cp38-macosx_11_0_arm64.whl", hash = "sha256:04640dab83f7c6c85abf9cd729c5b65f1ebd0ccf9de90b270cd61935eef0197f", size = 13843102 },
    { url = "https://files.pythonhosted.org/packages/25/6f/2586a50ad72e8dbb1d8381f837008a0321a3516dfd7cb57fc8cf7e4bb06b/numpy-1.24.4-cp38-cp38-manylinux_2_17_aarch64.manylinux2014_aarch64.whl", hash = "sha256:a5425b114831d1e77e4b5d812b69d11d962e104095a5b9c3b641a218abcc050e", size = 14039616 },
    { url = "https://files.pythonhosted.org/packages/98/5d/5738903efe0ecb73e51eb44feafba32bdba2081263d40c5043568ff60faf/numpy-1.24.4-cp38-cp38-manylinux_2_17_x86_64.manylinux2014_x86_64.whl", hash = "sha256:dd80e219fd4c71fc3699fc1dadac5dcf4fd882bfc6f7ec53d30fa197b8ee22dc", size = 17316263 },
    { url = "https://files.pythonhosted.org/packages/d1/57/8d328f0b91c733aa9aa7ee540dbc49b58796c862b4fbcb1146c701e888da/numpy-1.24.4-cp38-cp38-win32.whl", hash = "sha256:4602244f345453db537be5314d3983dbf5834a9701b7723ec28923e2889e0bb2", size = 12455660 },
    { url = "https://files.pythonhosted.org/packages/69/65/0d47953afa0ad569d12de5f65d964321c208492064c38fe3b0b9744f8d44/numpy-1.24.4-cp38-cp38-win_amd64.whl", hash = "sha256:692f2e0f55794943c5bfff12b3f56f99af76f902fc47487bdfe97856de51a706", size = 14868112 },
    { url = "https://files.pythonhosted.org/packages/9a/cd/d5b0402b801c8a8b56b04c1e85c6165efab298d2f0ab741c2406516ede3a/numpy-1.24.4-cp39-cp39-macosx_10_9_x86_64.whl", hash = "sha256:2541312fbf09977f3b3ad449c4e5f4bb55d0dbf79226d7724211acc905049400", size = 19816549 },
    { url = "https://files.pythonhosted.org/packages/14/27/638aaa446f39113a3ed38b37a66243e21b38110d021bfcb940c383e120f2/numpy-1.24.4-cp39-cp39-macosx_11_0_arm64.whl", hash = "sha256:9667575fb6d13c95f1b36aca12c5ee3356bf001b714fc354eb5465ce1609e62f", size = 13879950 },
    { url = "https://files.pythonhosted.org/packages/8f/27/91894916e50627476cff1a4e4363ab6179d01077d71b9afed41d9e1f18bf/numpy-1.24.4-cp39-cp39-manylinux_2_17_aarch64.manylinux2014_aarch64.whl", hash = "sha256:f3a86ed21e4f87050382c7bc96571755193c4c1392490744ac73d660e8f564a9", size = 14030228 },
    { url = "https://files.pythonhosted.org/packages/7a/7c/d7b2a0417af6428440c0ad7cb9799073e507b1a465f827d058b826236964/numpy-1.24.4-cp39-cp39-manylinux_2_17_x86_64.manylinux2014_x86_64.whl", hash = "sha256:d11efb4dbecbdf22508d55e48d9c8384db795e1b7b51ea735289ff96613ff74d", size = 17311170 },
    { url = "https://files.pythonhosted.org/packages/18/9d/e02ace5d7dfccee796c37b995c63322674daf88ae2f4a4724c5dd0afcc91/numpy-1.24.4-cp39-cp39-win32.whl", hash = "sha256:6620c0acd41dbcb368610bb2f4d83145674040025e5536954782467100aa8835", size = 12454918 },
    { url = "https://files.pythonhosted.org/packages/63/38/6cc19d6b8bfa1d1a459daf2b3fe325453153ca7019976274b6f33d8b5663/numpy-1.24.4-cp39-cp39-win_amd64.whl", hash = "sha256:befe2bf740fd8373cf56149a5c23a0f601e82869598d41f8e188a0e9869926f8", size = 14867441 },
    { url = "https://files.pythonhosted.org/packages/a4/fd/8dff40e25e937c94257455c237b9b6bf5a30d42dd1cc11555533be099492/numpy-1.24.4-pp38-pypy38_pp73-macosx_10_9_x86_64.whl", hash = "sha256:31f13e25b4e304632a4619d0e0777662c2ffea99fcae2029556b17d8ff958aef", size = 19156590 },
    { url = "https://files.pythonhosted.org/packages/42/e7/4bf953c6e05df90c6d351af69966384fed8e988d0e8c54dad7103b59f3ba/numpy-1.24.4-pp38-pypy38_pp73-manylinux_2_17_x86_64.manylinux2014_x86_64.whl", hash = "sha256:95f7ac6540e95bc440ad77f56e520da5bf877f87dca58bd095288dce8940532a", size = 16705744 },
    { url = "https://files.pythonhosted.org/packages/fc/dd/9106005eb477d022b60b3817ed5937a43dad8fd1f20b0610ea8a32fcb407/numpy-1.24.4-pp38-pypy38_pp73-win_amd64.whl", hash = "sha256:e98f220aa76ca2a977fe435f5b04d7b3470c0a2e6312907b37ba6068f26787f2", size = 14734290 },
]

[[package]]
name = "ruff"
version = "0.6.2"
source = { registry = "https://pypi.org/simple" }
sdist = { url = "https://files.pythonhosted.org/packages/23/f4/279d044f66b79261fd37df76bf72b64471afab5d3b7906a01499c4451910/ruff-0.6.2.tar.gz", hash = "sha256:239ee6beb9e91feb8e0ec384204a763f36cb53fb895a1a364618c6abb076b3be", size = 2460281 }
wheels = [
    { url = "https://files.pythonhosted.org/packages/72/4b/47dd7a69287afb4069fa42c198e899463605460a58120196711bfcf0446b/ruff-0.6.2-py3-none-linux_armv6l.whl", hash = "sha256:5c8cbc6252deb3ea840ad6a20b0f8583caab0c5ef4f9cca21adc5a92b8f79f3c", size = 9695871 },
    { url = "https://files.pythonhosted.org/packages/ae/c3/8aac62ac4638c14a740ee76a755a925f2d0d04580ab790a9887accb729f6/ruff-0.6.2-py3-none-macosx_10_12_x86_64.whl", hash = "sha256:17002fe241e76544448a8e1e6118abecbe8cd10cf68fde635dad480dba594570", size = 9459354 },
    { url = "https://files.pythonhosted.org/packages/2f/cf/77fbd8d4617b9b9c503f9bffb8552c4e3ea1a58dc36975e7a9104ffb0f85/ruff-0.6.2-py3-none-macosx_11_0_arm64.whl", hash = "sha256:3dbeac76ed13456f8158b8f4fe087bf87882e645c8e8b606dd17b0b66c2c1158", size = 9163871 },
    { url = "https://files.pythonhosted.org/packages/05/1c/765192bab32b79efbb498b06f0b9dcb3629112b53b8777ae1d19b8209e09/ruff-0.6.2-py3-none-manylinux_2_17_aarch64.manylinux2014_aarch64.whl", hash = "sha256:094600ee88cda325988d3f54e3588c46de5c18dae09d683ace278b11f9d4d534", size = 10096250 },
    { url = "https://files.pythonhosted.org/packages/08/d0/86f3cb0f6934c99f759c232984a5204d67a26745cad2d9edff6248adf7d2/ruff-0.6.2-py3-none-manylinux_2_17_armv7l.manylinux2014_armv7l.whl", hash = "sha256:316d418fe258c036ba05fbf7dfc1f7d3d4096db63431546163b472285668132b", size = 9475376 },
    { url = "https://files.pythonhosted.org/packages/cd/cc/4c8d0e225b559a3fae6092ec310d7150d3b02b4669e9223f783ef64d82c0/ruff-0.6.2-py3-none-manylinux_2_17_i686.manylinux2014_i686.whl", hash = "sha256:d72b8b3abf8a2d51b7b9944a41307d2f442558ccb3859bbd87e6ae9be1694a5d", size = 10295634 },
    { url = "https://files.pythonhosted.org/packages/db/96/d2699cfb1bb5a01c68122af43454c76c31331e1c8a9bd97d653d7c82524b/ruff-0.6.2-py3-none-manylinux_2_17_ppc64.manylinux2014_ppc64.whl", hash = "sha256:2aed7e243be68487aa8982e91c6e260982d00da3f38955873aecd5a9204b1d66", size = 11024941 },
    { url = "https://files.pythonhosted.org/packages/8b/a9/6ecd66af8929e0f2a1ed308a4137f3521789f28f0eb97d32c2ca3aa7000c/ruff-0.6.2-py3-none-manylinux_2_17_ppc64le.manylinux2014_ppc64le.whl", hash = "sha256:d371f7fc9cec83497fe7cf5eaf5b76e22a8efce463de5f775a1826197feb9df8", size = 10606894 },
    { url = "https://files.pythonhosted.org/packages/e4/73/2ee4cd19f44992fedac1cc6db9e3d825966072f6dcbd4032f21cbd063170/ruff-0.6.2-py3-none-manylinux_2_17_s390x.manylinux2014_s390x.whl", hash = "sha256:a8f310d63af08f583363dfb844ba8f9417b558199c58a5999215082036d795a1", size = 11552886 },
    { url = "https://files.pythonhosted.org/packages/60/4c/c0f1cd35ce4a93c54a6bb1ee6934a3a205fa02198dd076678193853ceea1/ruff-0.6.2-py3-none-manylinux_2_17_x86_64.manylinux2014_x86_64.whl", hash = "sha256:7db6880c53c56addb8638fe444818183385ec85eeada1d48fc5abe045301b2f1", size = 10264945 },
    { url = "https://files.pythonhosted.org/packages/c4/89/e45c9359b9cdd4245512ea2b9f2bb128a997feaa5f726fc9e8c7a66afadf/ruff-0.6.2-py3-none-musllinux_1_2_aarch64.whl", hash = "sha256:1175d39faadd9a50718f478d23bfc1d4da5743f1ab56af81a2b6caf0a2394f23", size = 10100007 },
    { url = "https://files.pythonhosted.org/packages/06/74/0bd4e0a7ed5f6908df87892f9bf60a2356c0fd74102d8097298bd9b4f346/ruff-0.6.2-py3-none-musllinux_1_2_armv7l.whl", hash = "sha256:5b939f9c86d51635fe486585389f54582f0d65b8238e08c327c1534844b3bb9a", size = 9559267 },
    { url = "https://files.pythonhosted.org/packages/54/03/3dc6dc9419f276f05805bf888c279e3e0b631284abd548d9e87cebb93aec/ruff-0.6.2-py3-none-musllinux_1_2_i686.whl", hash = "sha256:d0d62ca91219f906caf9b187dea50d17353f15ec9bb15aae4a606cd697b49b4c", size = 9905304 },
    { url = "https://files.pythonhosted.org/packages/5c/5b/d6a72a6a6bbf097c09de468326ef5fa1c9e7aa5e6e45979bc0d984b0dbe7/ruff-0.6.2-py3-none-musllinux_1_2_x86_64.whl", hash = "sha256:7438a7288f9d67ed3c8ce4d059e67f7ed65e9fe3aa2ab6f5b4b3610e57e3cb56", size = 10341480 },
    { url = "https://files.pythonhosted.org/packages/79/a9/0f2f21fe15ba537c46598f96aa9ae4a3d4b9ec64926664617ca6a8c772f4/ruff-0.6.2-py3-none-win32.whl", hash = "sha256:279d5f7d86696df5f9549b56b9b6a7f6c72961b619022b5b7999b15db392a4da", size = 7961901 },
    { url = "https://files.pythonhosted.org/packages/b0/80/fff12ffe11853d9f4ea3e5221e6dd2e93640a161c05c9579833e09ad40a7/ruff-0.6.2-py3-none-win_amd64.whl", hash = "sha256:d9f3469c7dd43cd22eb1c3fc16926fb8258d50cb1b216658a07be95dd117b0f2", size = 8783320 },
    { url = "https://files.pythonhosted.org/packages/56/91/577cdd64cce5e74d3f8b5ecb93f29566def569c741eb008aed4f331ef821/ruff-0.6.2-py3-none-win_arm64.whl", hash = "sha256:f28fcd2cd0e02bdf739297516d5643a945cc7caf09bd9bcb4d932540a5ea4fa9", size = 8225886 },
]
